// !$*UTF8*$!
{
	archiveVersion = 1;
	classes = {
	};
	objectVersion = 50;
	objects = {

/* Begin PBXBuildFile section */
		C61B171025578B7A001B839D /* AppDelegate.swift in Sources */ = {isa = PBXBuildFile; fileRef = C61B170F25578B7A001B839D /* AppDelegate.swift */; };
		C61B171225578B7A001B839D /* SceneDelegate.swift in Sources */ = {isa = PBXBuildFile; fileRef = C61B171125578B7A001B839D /* SceneDelegate.swift */; };
		C61B171425578B7A001B839D /* MealViewController.swift in Sources */ = {isa = PBXBuildFile; fileRef = C61B171325578B7A001B839D /* MealViewController.swift */; };
		C61B171725578B7A001B839D /* Main.storyboard in Resources */ = {isa = PBXBuildFile; fileRef = C61B171525578B7A001B839D /* Main.storyboard */; };
		C61B171925578B7A001B839D /* Assets.xcassets in Resources */ = {isa = PBXBuildFile; fileRef = C61B171825578B7A001B839D /* Assets.xcassets */; };
		C61B171C25578B7A001B839D /* LaunchScreen.storyboard in Resources */ = {isa = PBXBuildFile; fileRef = C61B171A25578B7A001B839D /* LaunchScreen.storyboard */; };
		C61B172725578B7B001B839D /* FirstAppTests.swift in Sources */ = {isa = PBXBuildFile; fileRef = C61B172625578B7B001B839D /* FirstAppTests.swift */; };
		C61B173225578B7B001B839D /* FirstAppUITests.swift in Sources */ = {isa = PBXBuildFile; fileRef = C61B173125578B7B001B839D /* FirstAppUITests.swift */; };
		C64F572F25589B090028294F /* MealTableViewController.swift in Sources */ = {isa = PBXBuildFile; fileRef = C64F572E25589B090028294F /* MealTableViewController.swift */; };
		C683E539255859BE0013B237 /* Meal.swift in Sources */ = {isa = PBXBuildFile; fileRef = C683E538255859BE0013B237 /* Meal.swift */; };
		C683E541255895980013B237 /* MealTableViewCell.swift in Sources */ = {isa = PBXBuildFile; fileRef = C683E540255895980013B237 /* MealTableViewCell.swift */; };
/* End PBXBuildFile section */

/* Begin PBXContainerItemProxy section */
		C61B172325578B7B001B839D /* PBXContainerItemProxy */ = {
			isa = PBXContainerItemProxy;
			containerPortal = C61B170425578B7A001B839D /* Project object */;
			proxyType = 1;
			remoteGlobalIDString = C61B170B25578B7A001B839D;
			remoteInfo = FirstApp;
		};
		C61B172E25578B7B001B839D /* PBXContainerItemProxy */ = {
			isa = PBXContainerItemProxy;
			containerPortal = C61B170425578B7A001B839D /* Project object */;
			proxyType = 1;
			remoteGlobalIDString = C61B170B25578B7A001B839D;
			remoteInfo = FirstApp;
		};
/* End PBXContainerItemProxy section */

/* Begin PBXFileReference section */
		C61B170C25578B7A001B839D /* FirstApp.app */ = {isa = PBXFileReference; explicitFileType = wrapper.application; includeInIndex = 0; path = FirstApp.app; sourceTree = BUILT_PRODUCTS_DIR; };
		C61B170F25578B7A001B839D /* AppDelegate.swift */ = {isa = PBXFileReference; lastKnownFileType = sourcecode.swift; path = AppDelegate.swift; sourceTree = "<group>"; };
		C61B171125578B7A001B839D /* SceneDelegate.swift */ = {isa = PBXFileReference; lastKnownFileType = sourcecode.swift; path = SceneDelegate.swift; sourceTree = "<group>"; };
		C61B171325578B7A001B839D /* MealViewController.swift */ = {isa = PBXFileReference; lastKnownFileType = sourcecode.swift; path = MealViewController.swift; sourceTree = "<group>"; };
		C61B171625578B7A001B839D /* Base */ = {isa = PBXFileReference; lastKnownFileType = file.storyboard; name = Base; path = Base.lproj/Main.storyboard; sourceTree = "<group>"; };
		C61B171825578B7A001B839D /* Assets.xcassets */ = {isa = PBXFileReference; lastKnownFileType = folder.assetcatalog; path = Assets.xcassets; sourceTree = "<group>"; };
		C61B171B25578B7A001B839D /* Base */ = {isa = PBXFileReference; lastKnownFileType = file.storyboard; name = Base; path = Base.lproj/LaunchScreen.storyboard; sourceTree = "<group>"; };
		C61B171D25578B7A001B839D /* Info.plist */ = {isa = PBXFileReference; lastKnownFileType = text.plist.xml; path = Info.plist; sourceTree = "<group>"; };
		C61B172225578B7B001B839D /* FirstAppTests.xctest */ = {isa = PBXFileReference; explicitFileType = wrapper.cfbundle; includeInIndex = 0; path = FirstAppTests.xctest; sourceTree = BUILT_PRODUCTS_DIR; };
		C61B172625578B7B001B839D /* FirstAppTests.swift */ = {isa = PBXFileReference; lastKnownFileType = sourcecode.swift; path = FirstAppTests.swift; sourceTree = "<group>"; };
		C61B172825578B7B001B839D /* Info.plist */ = {isa = PBXFileReference; lastKnownFileType = text.plist.xml; path = Info.plist; sourceTree = "<group>"; };
		C61B172D25578B7B001B839D /* FirstAppUITests.xctest */ = {isa = PBXFileReference; explicitFileType = wrapper.cfbundle; includeInIndex = 0; path = FirstAppUITests.xctest; sourceTree = BUILT_PRODUCTS_DIR; };
		C61B173125578B7B001B839D /* FirstAppUITests.swift */ = {isa = PBXFileReference; lastKnownFileType = sourcecode.swift; path = FirstAppUITests.swift; sourceTree = "<group>"; };
		C61B173325578B7B001B839D /* Info.plist */ = {isa = PBXFileReference; lastKnownFileType = text.plist.xml; path = Info.plist; sourceTree = "<group>"; };
		C64F572E25589B090028294F /* MealTableViewController.swift */ = {isa = PBXFileReference; lastKnownFileType = sourcecode.swift; path = MealTableViewController.swift; sourceTree = "<group>"; };
		C683E538255859BE0013B237 /* Meal.swift */ = {isa = PBXFileReference; lastKnownFileType = sourcecode.swift; path = Meal.swift; sourceTree = "<group>"; };
		C683E540255895980013B237 /* MealTableViewCell.swift */ = {isa = PBXFileReference; lastKnownFileType = sourcecode.swift; path = MealTableViewCell.swift; sourceTree = "<group>"; };
/* End PBXFileReference section */

/* Begin PBXFrameworksBuildPhase section */
		C61B170925578B7A001B839D /* Frameworks */ = {
			isa = PBXFrameworksBuildPhase;
			buildActionMask = 2147483647;
			files = (
			);
			runOnlyForDeploymentPostprocessing = 0;
		};
		C61B171F25578B7B001B839D /* Frameworks */ = {
			isa = PBXFrameworksBuildPhase;
			buildActionMask = 2147483647;
			files = (
			);
			runOnlyForDeploymentPostprocessing = 0;
		};
		C61B172A25578B7B001B839D /* Frameworks */ = {
			isa = PBXFrameworksBuildPhase;
			buildActionMask = 2147483647;
			files = (
			);
			runOnlyForDeploymentPostprocessing = 0;
		};
/* End PBXFrameworksBuildPhase section */

/* Begin PBXGroup section */
		C61B170325578B7A001B839D = {
			isa = PBXGroup;
			children = (
				C61B170E25578B7A001B839D /* FirstApp */,
				C61B172525578B7B001B839D /* FirstAppTests */,
				C61B173025578B7B001B839D /* FirstAppUITests */,
				C61B170D25578B7A001B839D /* Products */,
			);
			sourceTree = "<group>";
		};
		C61B170D25578B7A001B839D /* Products */ = {
			isa = PBXGroup;
			children = (
				C61B170C25578B7A001B839D /* FirstApp.app */,
				C61B172225578B7B001B839D /* FirstAppTests.xctest */,
				C61B172D25578B7B001B839D /* FirstAppUITests.xctest */,
			);
			name = Products;
			sourceTree = "<group>";
		};
		C61B170E25578B7A001B839D /* FirstApp */ = {
			isa = PBXGroup;
			children = (
				C61B170F25578B7A001B839D /* AppDelegate.swift */,
				C61B171125578B7A001B839D /* SceneDelegate.swift */,
				C61B171325578B7A001B839D /* MealViewController.swift */,
				C683E538255859BE0013B237 /* Meal.swift */,
				C683E540255895980013B237 /* MealTableViewCell.swift */,
				C64F572E25589B090028294F /* MealTableViewController.swift */,
				C61B171525578B7A001B839D /* Main.storyboard */,
				C61B171825578B7A001B839D /* Assets.xcassets */,
				C61B171A25578B7A001B839D /* LaunchScreen.storyboard */,
				C61B171D25578B7A001B839D /* Info.plist */,
			);
			path = FirstApp;
			sourceTree = "<group>";
		};
		C61B172525578B7B001B839D /* FirstAppTests */ = {
			isa = PBXGroup;
			children = (
				C61B172625578B7B001B839D /* FirstAppTests.swift */,
				C61B172825578B7B001B839D /* Info.plist */,
			);
			path = FirstAppTests;
			sourceTree = "<group>";
		};
		C61B173025578B7B001B839D /* FirstAppUITests */ = {
			isa = PBXGroup;
			children = (
				C61B173125578B7B001B839D /* FirstAppUITests.swift */,
				C61B173325578B7B001B839D /* Info.plist */,
			);
			path = FirstAppUITests;
			sourceTree = "<group>";
		};
/* End PBXGroup section */

/* Begin PBXNativeTarget section */
		C61B170B25578B7A001B839D /* FirstApp */ = {
			isa = PBXNativeTarget;
			buildConfigurationList = C61B173625578B7B001B839D /* Build configuration list for PBXNativeTarget "FirstApp" */;
			buildPhases = (
				C61B170825578B7A001B839D /* Sources */,
				C61B170925578B7A001B839D /* Frameworks */,
				C61B170A25578B7A001B839D /* Resources */,
			);
			buildRules = (
			);
			dependencies = (
			);
			name = FirstApp;
			productName = FirstApp;
			productReference = C61B170C25578B7A001B839D /* FirstApp.app */;
			productType = "com.apple.product-type.application";
		};
		C61B172125578B7B001B839D /* FirstAppTests */ = {
			isa = PBXNativeTarget;
			buildConfigurationList = C61B173925578B7B001B839D /* Build configuration list for PBXNativeTarget "FirstAppTests" */;
			buildPhases = (
				C61B171E25578B7B001B839D /* Sources */,
				C61B171F25578B7B001B839D /* Frameworks */,
				C61B172025578B7B001B839D /* Resources */,
			);
			buildRules = (
			);
			dependencies = (
				C61B172425578B7B001B839D /* PBXTargetDependency */,
			);
			name = FirstAppTests;
			productName = FirstAppTests;
			productReference = C61B172225578B7B001B839D /* FirstAppTests.xctest */;
			productType = "com.apple.product-type.bundle.unit-test";
		};
		C61B172C25578B7B001B839D /* FirstAppUITests */ = {
			isa = PBXNativeTarget;
			buildConfigurationList = C61B173C25578B7B001B839D /* Build configuration list for PBXNativeTarget "FirstAppUITests" */;
			buildPhases = (
				C61B172925578B7B001B839D /* Sources */,
				C61B172A25578B7B001B839D /* Frameworks */,
				C61B172B25578B7B001B839D /* Resources */,
			);
			buildRules = (
			);
			dependencies = (
				C61B172F25578B7B001B839D /* PBXTargetDependency */,
			);
			name = FirstAppUITests;
			productName = FirstAppUITests;
			productReference = C61B172D25578B7B001B839D /* FirstAppUITests.xctest */;
			productType = "com.apple.product-type.bundle.ui-testing";
		};
/* End PBXNativeTarget section */

/* Begin PBXProject section */
		C61B170425578B7A001B839D /* Project object */ = {
			isa = PBXProject;
			attributes = {
				LastSwiftUpdateCheck = 1210;
				LastUpgradeCheck = 1210;
				TargetAttributes = {
					C61B170B25578B7A001B839D = {
						CreatedOnToolsVersion = 12.1;
					};
					C61B172125578B7B001B839D = {
						CreatedOnToolsVersion = 12.1;
						TestTargetID = C61B170B25578B7A001B839D;
					};
					C61B172C25578B7B001B839D = {
						CreatedOnToolsVersion = 12.1;
						TestTargetID = C61B170B25578B7A001B839D;
					};
				};
			};
			buildConfigurationList = C61B170725578B7A001B839D /* Build configuration list for PBXProject "FirstApp" */;
			compatibilityVersion = "Xcode 9.3";
			developmentRegion = en;
			hasScannedForEncodings = 0;
			knownRegions = (
				en,
				Base,
			);
			mainGroup = C61B170325578B7A001B839D;
			productRefGroup = C61B170D25578B7A001B839D /* Products */;
			projectDirPath = "";
			projectRoot = "";
			targets = (
				C61B170B25578B7A001B839D /* FirstApp */,
				C61B172125578B7B001B839D /* FirstAppTests */,
				C61B172C25578B7B001B839D /* FirstAppUITests */,
			);
		};
/* End PBXProject section */

/* Begin PBXResourcesBuildPhase section */
		C61B170A25578B7A001B839D /* Resources */ = {
			isa = PBXResourcesBuildPhase;
			buildActionMask = 2147483647;
			files = (
				C61B171C25578B7A001B839D /* LaunchScreen.storyboard in Resources */,
				C61B171925578B7A001B839D /* Assets.xcassets in Resources */,
				C61B171725578B7A001B839D /* Main.storyboard in Resources */,
			);
			runOnlyForDeploymentPostprocessing = 0;
		};
		C61B172025578B7B001B839D /* Resources */ = {
			isa = PBXResourcesBuildPhase;
			buildActionMask = 2147483647;
			files = (
			);
			runOnlyForDeploymentPostprocessing = 0;
		};
		C61B172B25578B7B001B839D /* Resources */ = {
			isa = PBXResourcesBuildPhase;
			buildActionMask = 2147483647;
			files = (
			);
			runOnlyForDeploymentPostprocessing = 0;
		};
/* End PBXResourcesBuildPhase section */

/* Begin PBXSourcesBuildPhase section */
		C61B170825578B7A001B839D /* Sources */ = {
			isa = PBXSourcesBuildPhase;
			buildActionMask = 2147483647;
			files = (
				C683E539255859BE0013B237 /* Meal.swift in Sources */,
				C61B171425578B7A001B839D /* MealViewController.swift in Sources */,
				C61B171025578B7A001B839D /* AppDelegate.swift in Sources */,
				C61B171225578B7A001B839D /* SceneDelegate.swift in Sources */,
				C64F572F25589B090028294F /* MealTableViewController.swift in Sources */,
				C683E541255895980013B237 /* MealTableViewCell.swift in Sources */,
			);
			runOnlyForDeploymentPostprocessing = 0;
		};
		C61B171E25578B7B001B839D /* Sources */ = {
			isa = PBXSourcesBuildPhase;
			buildActionMask = 2147483647;
			files = (
				C61B172725578B7B001B839D /* FirstAppTests.swift in Sources */,
			);
			runOnlyForDeploymentPostprocessing = 0;
		};
		C61B172925578B7B001B839D /* Sources */ = {
			isa = PBXSourcesBuildPhase;
			buildActionMask = 2147483647;
			files = (
				C61B173225578B7B001B839D /* FirstAppUITests.swift in Sources */,
			);
			runOnlyForDeploymentPostprocessing = 0;
		};
/* End PBXSourcesBuildPhase section */

/* Begin PBXTargetDependency section */
		C61B172425578B7B001B839D /* PBXTargetDependency */ = {
			isa = PBXTargetDependency;
			target = C61B170B25578B7A001B839D /* FirstApp */;
			targetProxy = C61B172325578B7B001B839D /* PBXContainerItemProxy */;
		};
		C61B172F25578B7B001B839D /* PBXTargetDependency */ = {
			isa = PBXTargetDependency;
			target = C61B170B25578B7A001B839D /* FirstApp */;
			targetProxy = C61B172E25578B7B001B839D /* PBXContainerItemProxy */;
		};
/* End PBXTargetDependency section */

/* Begin PBXVariantGroup section */
		C61B171525578B7A001B839D /* Main.storyboard */ = {
			isa = PBXVariantGroup;
			children = (
				C61B171625578B7A001B839D /* Base */,
			);
			name = Main.storyboard;
			sourceTree = "<group>";
		};
		C61B171A25578B7A001B839D /* LaunchScreen.storyboard */ = {
			isa = PBXVariantGroup;
			children = (
				C61B171B25578B7A001B839D /* Base */,
			);
			name = LaunchScreen.storyboard;
			sourceTree = "<group>";
		};
/* End PBXVariantGroup section */

/* Begin XCBuildConfiguration section */
		C61B173425578B7B001B839D /* Debug */ = {
			isa = XCBuildConfiguration;
			buildSettings = {
				ALWAYS_SEARCH_USER_PATHS = NO;
				CLANG_ANALYZER_NONNULL = YES;
				CLANG_ANALYZER_NUMBER_OBJECT_CONVERSION = YES_AGGRESSIVE;
				CLANG_CXX_LANGUAGE_STANDARD = "gnu++14";
				CLANG_CXX_LIBRARY = "libc++";
				CLANG_ENABLE_MODULES = YES;
				CLANG_ENABLE_OBJC_ARC = YES;
				CLANG_ENABLE_OBJC_WEAK = YES;
				CLANG_WARN_BLOCK_CAPTURE_AUTORELEASING = YES;
				CLANG_WARN_BOOL_CONVERSION = YES;
				CLANG_WARN_COMMA = YES;
				CLANG_WARN_CONSTANT_CONVERSION = YES;
				CLANG_WARN_DEPRECATED_OBJC_IMPLEMENTATIONS = YES;
				CLANG_WARN_DIRECT_OBJC_ISA_USAGE = YES_ERROR;
				CLANG_WARN_DOCUMENTATION_COMMENTS = YES;
				CLANG_WARN_EMPTY_BODY = YES;
				CLANG_WARN_ENUM_CONVERSION = YES;
				CLANG_WARN_INFINITE_RECURSION = YES;
				CLANG_WARN_INT_CONVERSION = YES;
				CLANG_WARN_NON_LITERAL_NULL_CONVERSION = YES;
				CLANG_WARN_OBJC_IMPLICIT_RETAIN_SELF = YES;
				CLANG_WARN_OBJC_LITERAL_CONVERSION = YES;
				CLANG_WARN_OBJC_ROOT_CLASS = YES_ERROR;
				CLANG_WARN_QUOTED_INCLUDE_IN_FRAMEWORK_HEADER = YES;
				CLANG_WARN_RANGE_LOOP_ANALYSIS = YES;
				CLANG_WARN_STRICT_PROTOTYPES = YES;
				CLANG_WARN_SUSPICIOUS_MOVE = YES;
				CLANG_WARN_UNGUARDED_AVAILABILITY = YES_AGGRESSIVE;
				CLANG_WARN_UNREACHABLE_CODE = YES;
				CLANG_WARN__DUPLICATE_METHOD_MATCH = YES;
				COPY_PHASE_STRIP = NO;
				DEBUG_INFORMATION_FORMAT = dwarf;
				ENABLE_STRICT_OBJC_MSGSEND = YES;
				ENABLE_TESTABILITY = YES;
				GCC_C_LANGUAGE_STANDARD = gnu11;
				GCC_DYNAMIC_NO_PIC = NO;
				GCC_NO_COMMON_BLOCKS = YES;
				GCC_OPTIMIZATION_LEVEL = 0;
				GCC_PREPROCESSOR_DEFINITIONS = (
					"DEBUG=1",
					"$(inherited)",
				);
				GCC_WARN_64_TO_32_BIT_CONVERSION = YES;
				GCC_WARN_ABOUT_RETURN_TYPE = YES_ERROR;
				GCC_WARN_UNDECLARED_SELECTOR = YES;
				GCC_WARN_UNINITIALIZED_AUTOS = YES_AGGRESSIVE;
				GCC_WARN_UNUSED_FUNCTION = YES;
				GCC_WARN_UNUSED_VARIABLE = YES;
				IPHONEOS_DEPLOYMENT_TARGET = 14.1;
				MTL_ENABLE_DEBUG_INFO = INCLUDE_SOURCE;
				MTL_FAST_MATH = YES;
				ONLY_ACTIVE_ARCH = YES;
				SDKROOT = iphoneos;
				SWIFT_ACTIVE_COMPILATION_CONDITIONS = DEBUG;
				SWIFT_OPTIMIZATION_LEVEL = "-Onone";
			};
			name = Debug;
		};
		C61B173525578B7B001B839D /* Release */ = {
			isa = XCBuildConfiguration;
			buildSettings = {
				ALWAYS_SEARCH_USER_PATHS = NO;
				CLANG_ANALYZER_NONNULL = YES;
				CLANG_ANALYZER_NUMBER_OBJECT_CONVERSION = YES_AGGRESSIVE;
				CLANG_CXX_LANGUAGE_STANDARD = "gnu++14";
				CLANG_CXX_LIBRARY = "libc++";
				CLANG_ENABLE_MODULES = YES;
				CLANG_ENABLE_OBJC_ARC = YES;
				CLANG_ENABLE_OBJC_WEAK = YES;
				CLANG_WARN_BLOCK_CAPTURE_AUTORELEASING = YES;
				CLANG_WARN_BOOL_CONVERSION = YES;
				CLANG_WARN_COMMA = YES;
				CLANG_WARN_CONSTANT_CONVERSION = YES;
				CLANG_WARN_DEPRECATED_OBJC_IMPLEMENTATIONS = YES;
				CLANG_WARN_DIRECT_OBJC_ISA_USAGE = YES_ERROR;
				CLANG_WARN_DOCUMENTATION_COMMENTS = YES;
				CLANG_WARN_EMPTY_BODY = YES;
				CLANG_WARN_ENUM_CONVERSION = YES;
				CLANG_WARN_INFINITE_RECURSION = YES;
				CLANG_WARN_INT_CONVERSION = YES;
				CLANG_WARN_NON_LITERAL_NULL_CONVERSION = YES;
				CLANG_WARN_OBJC_IMPLICIT_RETAIN_SELF = YES;
				CLANG_WARN_OBJC_LITERAL_CONVERSION = YES;
				CLANG_WARN_OBJC_ROOT_CLASS = YES_ERROR;
				CLANG_WARN_QUOTED_INCLUDE_IN_FRAMEWORK_HEADER = YES;
				CLANG_WARN_RANGE_LOOP_ANALYSIS = YES;
				CLANG_WARN_STRICT_PROTOTYPES = YES;
				CLANG_WARN_SUSPICIOUS_MOVE = YES;
				CLANG_WARN_UNGUARDED_AVAILABILITY = YES_AGGRESSIVE;
				CLANG_WARN_UNREACHABLE_CODE = YES;
				CLANG_WARN__DUPLICATE_METHOD_MATCH = YES;
				COPY_PHASE_STRIP = NO;
				DEBUG_INFORMATION_FORMAT = "dwarf-with-dsym";
				ENABLE_NS_ASSERTIONS = NO;
				ENABLE_STRICT_OBJC_MSGSEND = YES;
				GCC_C_LANGUAGE_STANDARD = gnu11;
				GCC_NO_COMMON_BLOCKS = YES;
				GCC_WARN_64_TO_32_BIT_CONVERSION = YES;
				GCC_WARN_ABOUT_RETURN_TYPE = YES_ERROR;
				GCC_WARN_UNDECLARED_SELECTOR = YES;
				GCC_WARN_UNINITIALIZED_AUTOS = YES_AGGRESSIVE;
				GCC_WARN_UNUSED_FUNCTION = YES;
				GCC_WARN_UNUSED_VARIABLE = YES;
				IPHONEOS_DEPLOYMENT_TARGET = 14.1;
				MTL_ENABLE_DEBUG_INFO = NO;
				MTL_FAST_MATH = YES;
				SDKROOT = iphoneos;
				SWIFT_COMPILATION_MODE = wholemodule;
				SWIFT_OPTIMIZATION_LEVEL = "-O";
				VALIDATE_PRODUCT = YES;
			};
			name = Release;
		};
		C61B173725578B7B001B839D /* Debug */ = {
			isa = XCBuildConfiguration;
			buildSettings = {
				ASSETCATALOG_COMPILER_APPICON_NAME = AppIcon;
				ASSETCATALOG_COMPILER_GLOBAL_ACCENT_COLOR_NAME = AccentColor;
				CODE_SIGN_STYLE = Automatic;
				INFOPLIST_FILE = FirstApp/Info.plist;
				LD_RUNPATH_SEARCH_PATHS = (
					"$(inherited)",
					"@executable_path/Frameworks",
				);
				PRODUCT_BUNDLE_IDENTIFIER = com.philipgurr.swift.FirstApp;
				PRODUCT_NAME = "$(TARGET_NAME)";
				SWIFT_VERSION = 5.0;
				TARGETED_DEVICE_FAMILY = "1,2";
			};
			name = Debug;
		};
		C61B173825578B7B001B839D /* Release */ = {
			isa = XCBuildConfiguration;
			buildSettings = {
				ASSETCATALOG_COMPILER_APPICON_NAME = AppIcon;
				ASSETCATALOG_COMPILER_GLOBAL_ACCENT_COLOR_NAME = AccentColor;
				CODE_SIGN_STYLE = Automatic;
				INFOPLIST_FILE = FirstApp/Info.plist;
				LD_RUNPATH_SEARCH_PATHS = (
					"$(inherited)",
					"@executable_path/Frameworks",
				);
				PRODUCT_BUNDLE_IDENTIFIER = com.philipgurr.swift.FirstApp;
				PRODUCT_NAME = "$(TARGET_NAME)";
				SWIFT_VERSION = 5.0;
				TARGETED_DEVICE_FAMILY = "1,2";
			};
			name = Release;
		};
		C61B173A25578B7B001B839D /* Debug */ = {
			isa = XCBuildConfiguration;
			buildSettings = {
				ALWAYS_EMBED_SWIFT_STANDARD_LIBRARIES = YES;
				BUNDLE_LOADER = "$(TEST_HOST)";
				CODE_SIGN_STYLE = Automatic;
				INFOPLIST_FILE = FirstAppTests/Info.plist;
				IPHONEOS_DEPLOYMENT_TARGET = 14.1;
				LD_RUNPATH_SEARCH_PATHS = (
					"$(inherited)",
					"@executable_path/Frameworks",
					"@loader_path/Frameworks",
				);
				PRODUCT_BUNDLE_IDENTIFIER = com.philipgurr.swift.FirstAppTests;
				PRODUCT_NAME = "$(TARGET_NAME)";
				SWIFT_VERSION = 5.0;
				TARGETED_DEVICE_FAMILY = "1,2";
				TEST_HOST = "$(BUILT_PRODUCTS_DIR)/FirstApp.app/FirstApp";
			};
			name = Debug;
		};
		C61B173B25578B7B001B839D /* Release */ = {
			isa = XCBuildConfiguration;
			buildSettings = {
				ALWAYS_EMBED_SWIFT_STANDARD_LIBRARIES = YES;
				BUNDLE_LOADER = "$(TEST_HOST)";
				CODE_SIGN_STYLE = Automatic;
				INFOPLIST_FILE = FirstAppTests/Info.plist;
				IPHONEOS_DEPLOYMENT_TARGET = 14.1;
				LD_RUNPATH_SEARCH_PATHS = (
					"$(inherited)",
					"@executable_path/Frameworks",
					"@loader_path/Frameworks",
				);
				PRODUCT_BUNDLE_IDENTIFIER = com.philipgurr.swift.FirstAppTests;
				PRODUCT_NAME = "$(TARGET_NAME)";
				SWIFT_VERSION = 5.0;
				TARGETED_DEVICE_FAMILY = "1,2";
				TEST_HOST = "$(BUILT_PRODUCTS_DIR)/FirstApp.app/FirstApp";
			};
			name = Release;
		};
		C61B173D25578B7B001B839D /* Debug */ = {
			isa = XCBuildConfiguration;
			buildSettings = {
				ALWAYS_EMBED_SWIFT_STANDARD_LIBRARIES = YES;
				CODE_SIGN_STYLE = Automatic;
				INFOPLIST_FILE = FirstAppUITests/Info.plist;
				LD_RUNPATH_SEARCH_PATHS = (
					"$(inherited)",
					"@executable_path/Frameworks",
					"@loader_path/Frameworks",
				);
				PRODUCT_BUNDLE_IDENTIFIER = com.philipgurr.swift.FirstAppUITests;
				PRODUCT_NAME = "$(TARGET_NAME)";
				SWIFT_VERSION = 5.0;
				TARGETED_DEVICE_FAMILY = "1,2";
				TEST_TARGET_NAME = FirstApp;
			};
			name = Debug;
		};
		C61B173E25578B7B001B839D /* Release */ = {
			isa = XCBuildConfiguration;
			buildSettings = {
				ALWAYS_EMBED_SWIFT_STANDARD_LIBRARIES = YES;
				CODE_SIGN_STYLE = Automatic;
				INFOPLIST_FILE = FirstAppUITests/Info.plist;
				LD_RUNPATH_SEARCH_PATHS = (
					"$(inherited)",
					"@executable_path/Frameworks",
					"@loader_path/Frameworks",
				);
				PRODUCT_BUNDLE_IDENTIFIER = com.philipgurr.swift.FirstAppUITests;
				PRODUCT_NAME = "$(TARGET_NAME)";
				SWIFT_VERSION = 5.0;
				TARGETED_DEVICE_FAMILY = "1,2";
				TEST_TARGET_NAME = FirstApp;
			};
			name = Release;
		};
/* End XCBuildConfiguration section */

/* Begin XCConfigurationList section */
		C61B170725578B7A001B839D /* Build configuration list for PBXProject "FirstApp" */ = {
			isa = XCConfigurationList;
			buildConfigurations = (
				C61B173425578B7B001B839D /* Debug */,
				C61B173525578B7B001B839D /* Release */,
			);
			defaultConfigurationIsVisible = 0;
			defaultConfigurationName = Release;
		};
		C61B173625578B7B001B839D /* Build configuration list for PBXNativeTarget "FirstApp" */ = {
			isa = XCConfigurationList;
			buildConfigurations = (
				C61B173725578B7B001B839D /* Debug */,
				C61B173825578B7B001B839D /* Release */,
			);
			defaultConfigurationIsVisible = 0;
			defaultConfigurationName = Release;
		};
		C61B173925578B7B001B839D /* Build configuration list for PBXNativeTarget "FirstAppTests" */ = {
			isa = XCConfigurationList;
			buildConfigurations = (
				C61B173A25578B7B001B839D /* Debug */,
				C61B173B25578B7B001B839D /* Release */,
			);
			defaultConfigurationIsVisible = 0;
			defaultConfigurationName = Release;
		};
		C61B173C25578B7B001B839D /* Build configuration list for PBXNativeTarget "FirstAppUITests" */ = {
			isa = XCConfigurationList;
			buildConfigurations = (
				C61B173D25578B7B001B839D /* Debug */,
				C61B173E25578B7B001B839D /* Release */,
			);
			defaultConfigurationIsVisible = 0;
			defaultConfigurationName = Release;
		};
/* End XCConfigurationList section */
	};
	rootObject = C61B170425578B7A001B839D /* Project object */;
}
